{
  "name": "arabiaaislamia-hub",
  "lockfileVersion": 3,
  "requires": true,
  "packages": {
    "": {
      "name": "arabiaaislamia-hub",
      "dependencies": {
        "nodemailer": "^8.0.1"
      },
      "devDependencies": {
        "@types/node": "^25.2.3",
        "@types/nodemailer": "^7.0.9",
        "turbo": "^2.3.0"
      },
      "engines": {
        "node": ">=20"
      }
    },
    "node_modules/@types/node": {
      "version": "25.2.3",
      "resolved": "https://registry.npmjs.org/@types/node/-/node-25.2.3.tgz",
      "integrity": "sha512-m0jEgYlYz+mDJZ2+F4v8D1AyQb+QzsNqRuI7xg1VQX/KlKS0qT9r1Mo16yo5F/MtifXFgaofIFsdFMox2SxIbQ==",
      "dev": true,
      "license": "MIT",
      "dependencies": {
        "undici-types": "~7.16.0"
      }
    },
    "node_modules/@types/nodemailer": {
      "version": "7.0.9",
      "resolved": "https://registry.npmjs.org/@types/nodemailer/-/nodemailer-7.0.9.tgz",
      "integrity": "sha512-vI8oF1M+8JvQhsId0Pc38BdUP2evenIIys7c7p+9OZXSPOH5c1dyINP1jT8xQ2xPuBUXmIC87s+91IZMDjH8Ow==",
      "dev": true,
      "license": "MIT",
      "dependencies": {
        "@types/node": "*"
      }
    },
    "node_modules/nodemailer": {
      "version": "8.0.1",
      "resolved": "https://registry.npmjs.org/nodemailer/-/nodemailer-8.0.1.tgz",
      "integrity": "sha512-5kcldIXmaEjZcHR6F28IKGSgpmZHaF1IXLWFTG+Xh3S+Cce4MiakLtWY+PlBU69fLbRa8HlaGIrC/QolUpHkhg==",
      "license": "MIT-0",
      "engines": {
        "node": ">=6.0.0"
      }
    },
    "node_modules/turbo": {
      "version": "2.8.7",
      "resolved": "https://registry.npmjs.org/turbo/-/turbo-2.8.7.tgz",
      "integrity": "sha512-RBLh5caMAu1kFdTK1jgH2gH/z+jFsvX5rGbhgJ9nlIAWXSvxlzwId05uDlBA1+pBd3wO/UaKYzaQZQBXDd7kcA==",
      "dev": true,
      "license": "MIT",
      "bin": {
        "turbo": "bin/turbo"
      },
      "optionalDependencies": {
        "turbo-darwin-64": "2.8.7",
        "turbo-darwin-arm64": "2.8.7",
        "turbo-linux-64": "2.8.7",
        "turbo-linux-arm64": "2.8.7",
        "turbo-windows-64": "2.8.7",
        "turbo-windows-arm64": "2.8.7"
      }
    },
    "node_modules/turbo-darwin-64": {
      "version": "2.8.7",
      "resolved": "https://registry.npmjs.org/turbo-darwin-64/-/turbo-darwin-64-2.8.7.tgz",
      "integrity": "sha512-Xr4TO/oDDwoozbDtBvunb66g//WK8uHRygl72vUthuwzmiw48pil4IuoG/QbMHd9RE8aBnVmzC0WZEWk/WWt3A==",
      "cpu": [
        "x64"
      ],
      "dev": true,
      "license": "MIT",
      "optional": true,
      "os": [
        "darwin"
      ]
    },
    "node_modules/turbo-darwin-arm64": {
      "version": "2.8.7",
      "resolved": "https://registry.npmjs.org/turbo-darwin-arm64/-/turbo-darwin-arm64-2.8.7.tgz",
      "integrity": "sha512-p8Xbmb9kZEY/NoshQUcFmQdO80s2PCGoLYj5DbpxjZr3diknipXxzOK7pcmT7l2gNHaMCpFVWLkiFY9nO3EU5w==",
      "cpu": [
        "arm64"
      ],
      "dev": true,
      "license": "MIT",
      "optional": true,
      "os": [
        "darwin"
      ]
    },
    "node_modules/turbo-linux-64": {
      "version": "2.8.7",
      "resolved": "https://registry.npmjs.org/turbo-linux-64/-/turbo-linux-64-2.8.7.tgz",
      "integrity": "sha512-nwfEPAH3m5y/nJeYly3j1YJNYU2EG5+2ysZUxvBNM+VBV2LjQaLxB9CsEIpIOKuWKCjnFHKIADTSDPZ3D12J5Q==",
      "cpu": [
        "x64"
      ],
      "dev": true,
      "license": "MIT",
      "optional": true,
      "os": [
        "linux"
      ]
    },
    "node_modules/turbo-linux-arm64": {
      "version": "2.8.7",
      "resolved": "https://registry.npmjs.org/turbo-linux-arm64/-/turbo-linux-arm64-2.8.7.tgz",
      "integrity": "sha512-mgA/M6xiJzyxtXV70TtWGDPh+I6acOKmeQGtOzbFQZYEf794pu5jax26bCk5skAp1gqZu3vacPr6jhYHoHU9IQ==",
      "cpu": [
        "arm64"
      ],
      "dev": true,
      "license": "MIT",
      "optional": true,
      "os": [
        "linux"
      ]
    },
    "node_modules/turbo-windows-64": {
      "version": "2.8.7",
      "resolved": "https://registry.npmjs.org/turbo-windows-64/-/turbo-windows-64-2.8.7.tgz",
      "integrity": "sha512-sHTYMaXuCcyHnGUQgfUUt7S8407TWoP14zc/4N2tsM0wZNK6V9h4H2t5jQPtqKEb6Fg8313kygdDgEwuM4vsHg==",
      "cpu": [
        "x64"
      ],
      "dev": true,
      "license": "MIT",
      "optional": true,
      "os": [
        "win32"
      ]
    },
    "node_modules/turbo-windows-arm64": {
      "version": "2.8.7",
      "resolved": "https://registry.npmjs.org/turbo-windows-arm64/-/turbo-windows-arm64-2.8.7.tgz",
      "integrity": "sha512-WyGiOI2Zp3AhuzVagzQN+T+iq0fWx0oGxDfAWT3ZiLEd4U0cDUkwUZDKVGb3rKqPjDL6lWnuxKKu73ge5xtovQ==",
      "cpu": [
        "arm64"
      ],
      "dev": true,
      "license": "MIT",
      "optional": true,
      "os": [
        "win32"
      ]
    },
    "node_modules/undici-types": {
      "version": "7.16.0",
      "resolved": "https://registry.npmjs.org/undici-types/-/undici-types-7.16.0.tgz",
      "integrity": "sha512-Zz+aZWSj8LE6zoxD+xrjh4VfkIG8Ya6LvYkZqtUQGJPZjYl53ypCaUwWqo7eI0x66KBGeRo+mlBEkMSeSZ38Nw==",
      "dev": true,
      "license": "MIT"
    }
  }
}
